{
  "name": "youtube-transcript",
  "version": "1.0.0",
  "lockfileVersion": 3,
  "requires": true,
  "packages": {
    "": {
      "name": "youtube-transcript",
      "version": "1.0.0",
      "bin": {
        "youtube-transcript": "skills/youtube-transcript/scripts/youtube-transcript.js"
      },
      "devDependencies": {
        "@types/node": "^25.6.2"
      }
    },
    "node_modules/.pnpm/@types+node@25.6.2": {},
    "node_modules/.pnpm/@types+node@25.6.2/node_modules/@types/node": {
      "version": "25.6.2",
      "dev": true,
      "license": "MIT",
      "dependencies": {
        "undici-types": "~7.19.0"
      }
    },
    "node_modules/.pnpm/@types+node@25.6.2/node_modules/undici-types": {
      "resolved": "node_modules/.pnpm/undici-types@7.19.2/node_modules/undici-types",
      "link": true
    },
    "node_modules/.pnpm/undici-types@7.19.2/node_modules/undici-types": {
      "version": "7.19.2",
      "dev": true,
      "license": "MIT"
    },
    "node_modules/@types/node": {
      "resolved": "node_modules/.pnpm/@types+node@25.6.2/node_modules/@types/node",
      "link": true
    }
  }
}
